
Microsoft Visual Studio Solution File, Format Version 12.00
# Visual Studio Version 16
VisualStudioVersion = 16.0.31515.178
MinimumVisualStudioVersion = 10.0.40219.1
Project("{FAE04EC0-301F-11D3-BF4B-00C04F79EFBC}") = "iDMS", "iDMS\iDMS.csproj", "{083F0825-64AA-4403-861F-556DFCFC1F54}"
EndProject
Global
	GlobalSection(SolutionConfigurationPlatforms) = preSolution
		Debug|Any CPU = Debug|Any CPU
		Release|Any CPU = Release|Any CPU
	EndGlobalSection
	GlobalSection(ProjectConfigurationPlatforms) = postSolution
		{083F0825-64AA-4403-861F-556DFCFC1F54}.Debug|Any CPU.ActiveCfg = Debug|Any CPU
		{083F0825-64AA-4403-861F-556DFCFC1F54}.Debug|Any CPU.Build.0 = Debug|Any CPU
		{083F0825-64AA-4403-861F-556DFCFC1F54}.Release|Any CPU.ActiveCfg = Release|Any CPU
		{083F0825-64AA-4403-861F-556DFCFC1F54}.Release|Any CPU.Build.0 = Release|Any CPU
	EndGlobalSection
	GlobalSection(SolutionProperties) = preSolution
		HideSolutionNode = FALSE
	EndGlobalSection
	GlobalSection(ExtensibilityGlobals) = postSolution
		SolutionGuid = {E5390EB7-EB10-44F6-BC56-62BBE3E48EE0}
	EndGlobalSection
EndGlobal
